
Microsoft Visual Studio Solution File, Format Version 12.00
# Visual Studio 2012
Project("{E24C65DC-7377-472B-9ABA-BC803B73C61A}") = "K.Admin", "K.Admin\", "{02599287-C7E2-46D9-AB0F-1C9F4FE22B38}"
	ProjectSection(WebsiteProperties) = preProject
		TargetFrameworkMoniker = ".NETFramework,Version%3Dv4.5"
		Debug.AspNetCompiler.VirtualPath = "/K.Admin"
		Debug.AspNetCompiler.PhysicalPath = "K.Admin\"
		Debug.AspNetCompiler.TargetPath = "PrecompiledWeb\K.Admin\"
		Debug.AspNetCompiler.Updateable = "true"
		Debug.AspNetCompiler.ForceOverwrite = "true"
		Debug.AspNetCompiler.FixedNames = "false"
		Debug.AspNetCompiler.Debug = "True"
		Release.AspNetCompiler.VirtualPath = "/K.Admin"
		Release.AspNetCompiler.PhysicalPath = "K.Admin\"
		Release.AspNetCompiler.TargetPath = "PrecompiledWeb\K.Admin\"
		Release.AspNetCompiler.Updateable = "true"
		Release.AspNetCompiler.ForceOverwrite = "true"
		Release.AspNetCompiler.FixedNames = "false"
		Release.AspNetCompiler.Debug = "False"
		VWDPort = "6194"
	EndProjectSection
EndProject
Global
	GlobalSection(SolutionConfigurationPlatforms) = preSolution
		Debug|Any CPU = Debug|Any CPU
		Release|Any CPU = Release|Any CPU
	EndGlobalSection
	GlobalSection(ProjectConfigurationPlatforms) = postSolution
		{02599287-C7E2-46D9-AB0F-1C9F4FE22B38}.Debug|Any CPU.ActiveCfg = Debug|Any CPU
		{02599287-C7E2-46D9-AB0F-1C9F4FE22B38}.Debug|Any CPU.Build.0 = Debug|Any CPU
		{02599287-C7E2-46D9-AB0F-1C9F4FE22B38}.Release|Any CPU.ActiveCfg = Debug|Any CPU
		{02599287-C7E2-46D9-AB0F-1C9F4FE22B38}.Release|Any CPU.Build.0 = Debug|Any CPU
	EndGlobalSection
	GlobalSection(SolutionProperties) = preSolution
		HideSolutionNode = FALSE
	EndGlobalSection
EndGlobal
